// !$*UTF8*$!
{
	archiveVersion = 1;
	classes = {
	};
	objectVersion = 46;
	objects = {

/* Begin PBXBuildFile section */
		AC0750F11DCB1D61001DDA12 /* AppDelegate.swift in Sources */ = {isa = PBXBuildFile; fileRef = AC0750F01DCB1D61001DDA12 /* AppDelegate.swift */; };
		AC0750F31DCB1D61001DDA12 /* ViewController.swift in Sources */ = {isa = PBXBuildFile; fileRef = AC0750F21DCB1D61001DDA12 /* ViewController.swift */; };
		AC0750F61DCB1D61001DDA12 /* Main.storyboard in Resources */ = {isa = PBXBuildFile; fileRef = AC0750F41DCB1D61001DDA12 /* Main.storyboard */; };
		AC0750F81DCB1D61001DDA12 /* Assets.xcassets in Resources */ = {isa = PBXBuildFile; fileRef = AC0750F71DCB1D61001DDA12 /* Assets.xcassets */; };
		AC0750FB1DCB1D61001DDA12 /* LaunchScreen.storyboard in Resources */ = {isa = PBXBuildFile; fileRef = AC0750F91DCB1D61001DDA12 /* LaunchScreen.storyboard */; };
		AC0751061DCB1D61001DDA12 /* AppTests.swift in Sources */ = {isa = PBXBuildFile; fileRef = AC0751051DCB1D61001DDA12 /* AppTests.swift */; };
		AC0751111DCB1D61001DDA12 /* AppUITests.swift in Sources */ = {isa = PBXBuildFile; fileRef = AC0751101DCB1D61001DDA12 /* AppUITests.swift */; };
		AC07511F1DCB2BBE001DDA12 /* Action.swift in Sources */ = {isa = PBXBuildFile; fileRef = AC07511E1DCB2BBE001DDA12 /* Action.swift */; settings = {ASSET_TAGS = (); }; };
		AC0751211DCB2BFF001DDA12 /* Albums.plist in Resources */ = {isa = PBXBuildFile; fileRef = AC0751201DCB2BFF001DDA12 /* Albums.plist */; settings = {ASSET_TAGS = (); }; };
/* End PBXBuildFile section */

/* Begin PBXContainerItemProxy section */
		AC0751021DCB1D61001DDA12 /* PBXContainerItemProxy */ = {
			isa = PBXContainerItemProxy;
			containerPortal = AC0750E51DCB1D61001DDA12 /* Project object */;
			proxyType = 1;
			remoteGlobalIDString = AC0750EC1DCB1D61001DDA12;
			remoteInfo = App;
		};
		AC07510D1DCB1D61001DDA12 /* PBXContainerItemProxy */ = {
			isa = PBXContainerItemProxy;
			containerPortal = AC0750E51DCB1D61001DDA12 /* Project object */;
			proxyType = 1;
			remoteGlobalIDString = AC0750EC1DCB1D61001DDA12;
			remoteInfo = App;
		};
/* End PBXContainerItemProxy section */

/* Begin PBXFileReference section */
		AC0750ED1DCB1D61001DDA12 /* App.app */ = {isa = PBXFileReference; explicitFileType = wrapper.application; includeInIndex = 0; path = App.app; sourceTree = BUILT_PRODUCTS_DIR; };
		AC0750F01DCB1D61001DDA12 /* AppDelegate.swift */ = {isa = PBXFileReference; lastKnownFileType = sourcecode.swift; path = AppDelegate.swift; sourceTree = "<group>"; };
		AC0750F21DCB1D61001DDA12 /* ViewController.swift */ = {isa = PBXFileReference; lastKnownFileType = sourcecode.swift; path = ViewController.swift; sourceTree = "<group>"; };
		AC0750F51DCB1D61001DDA12 /* Base */ = {isa = PBXFileReference; lastKnownFileType = file.storyboard; name = Base; path = Base.lproj/Main.storyboard; sourceTree = "<group>"; };
		AC0750F71DCB1D61001DDA12 /* Assets.xcassets */ = {isa = PBXFileReference; lastKnownFileType = folder.assetcatalog; path = Assets.xcassets; sourceTree = "<group>"; };
		AC0750FA1DCB1D61001DDA12 /* Base */ = {isa = PBXFileReference; lastKnownFileType = file.storyboard; name = Base; path = Base.lproj/LaunchScreen.storyboard; sourceTree = "<group>"; };
		AC0750FC1DCB1D61001DDA12 /* Info.plist */ = {isa = PBXFileReference; lastKnownFileType = text.plist.xml; path = Info.plist; sourceTree = "<group>"; };
		AC0751011DCB1D61001DDA12 /* AppTests.xctest */ = {isa = PBXFileReference; explicitFileType = wrapper.cfbundle; includeInIndex = 0; path = AppTests.xctest; sourceTree = BUILT_PRODUCTS_DIR; };
		AC0751051DCB1D61001DDA12 /* AppTests.swift */ = {isa = PBXFileReference; lastKnownFileType = sourcecode.swift; path = AppTests.swift; sourceTree = "<group>"; };
		AC0751071DCB1D61001DDA12 /* Info.plist */ = {isa = PBXFileReference; lastKnownFileType = text.plist.xml; path = Info.plist; sourceTree = "<group>"; };
		AC07510C1DCB1D61001DDA12 /* AppUITests.xctest */ = {isa = PBXFileReference; explicitFileType = wrapper.cfbundle; includeInIndex = 0; path = AppUITests.xctest; sourceTree = BUILT_PRODUCTS_DIR; };
		AC0751101DCB1D61001DDA12 /* AppUITests.swift */ = {isa = PBXFileReference; lastKnownFileType = sourcecode.swift; path = AppUITests.swift; sourceTree = "<group>"; };
		AC0751121DCB1D61001DDA12 /* Info.plist */ = {isa = PBXFileReference; lastKnownFileType = text.plist.xml; path = Info.plist; sourceTree = "<group>"; };
		AC07511E1DCB2BBE001DDA12 /* Action.swift */ = {isa = PBXFileReference; fileEncoding = 4; lastKnownFileType = sourcecode.swift; path = Action.swift; sourceTree = "<group>"; };
		AC0751201DCB2BFF001DDA12 /* Albums.plist */ = {isa = PBXFileReference; fileEncoding = 4; lastKnownFileType = text.plist.xml; path = Albums.plist; sourceTree = "<group>"; };
/* End PBXFileReference section */

/* Begin PBXFrameworksBuildPhase section */
		AC0750EA1DCB1D61001DDA12 /* Frameworks */ = {
			isa = PBXFrameworksBuildPhase;
			buildActionMask = 2147483647;
			files = (
			);
			runOnlyForDeploymentPostprocessing = 0;
		};
		AC0750FE1DCB1D61001DDA12 /* Frameworks */ = {
			isa = PBXFrameworksBuildPhase;
			buildActionMask = 2147483647;
			files = (
			);
			runOnlyForDeploymentPostprocessing = 0;
		};
		AC0751091DCB1D61001DDA12 /* Frameworks */ = {
			isa = PBXFrameworksBuildPhase;
			buildActionMask = 2147483647;
			files = (
			);
			runOnlyForDeploymentPostprocessing = 0;
		};
/* End PBXFrameworksBuildPhase section */

/* Begin PBXGroup section */
		AC0750E41DCB1D61001DDA12 = {
			isa = PBXGroup;
			children = (
				AC0750EF1DCB1D61001DDA12 /* App */,
				AC0751041DCB1D61001DDA12 /* AppTests */,
				AC07510F1DCB1D61001DDA12 /* AppUITests */,
				AC0750EE1DCB1D61001DDA12 /* Products */,
			);
			sourceTree = "<group>";
		};
		AC0750EE1DCB1D61001DDA12 /* Products */ = {
			isa = PBXGroup;
			children = (
				AC0750ED1DCB1D61001DDA12 /* App.app */,
				AC0751011DCB1D61001DDA12 /* AppTests.xctest */,
				AC07510C1DCB1D61001DDA12 /* AppUITests.xctest */,
			);
			name = Products;
			sourceTree = "<group>";
		};
		AC0750EF1DCB1D61001DDA12 /* App */ = {
			isa = PBXGroup;
			children = (
				AC0751201DCB2BFF001DDA12 /* Albums.plist */,
				AC07511E1DCB2BBE001DDA12 /* Action.swift */,
				AC0750F01DCB1D61001DDA12 /* AppDelegate.swift */,
				AC0750F21DCB1D61001DDA12 /* ViewController.swift */,
				AC0750F41DCB1D61001DDA12 /* Main.storyboard */,
				AC0750F71DCB1D61001DDA12 /* Assets.xcassets */,
				AC0750F91DCB1D61001DDA12 /* LaunchScreen.storyboard */,
				AC0750FC1DCB1D61001DDA12 /* Info.plist */,
			);
			path = App;
			sourceTree = "<group>";
		};
		AC0751041DCB1D61001DDA12 /* AppTests */ = {
			isa = PBXGroup;
			children = (
				AC0751051DCB1D61001DDA12 /* AppTests.swift */,
				AC0751071DCB1D61001DDA12 /* Info.plist */,
			);
			path = AppTests;
			sourceTree = "<group>";
		};
		AC07510F1DCB1D61001DDA12 /* AppUITests */ = {
			isa = PBXGroup;
			children = (
				AC0751101DCB1D61001DDA12 /* AppUITests.swift */,
				AC0751121DCB1D61001DDA12 /* Info.plist */,
			);
			path = AppUITests;
			sourceTree = "<group>";
		};
/* End PBXGroup section */

/* Begin PBXNativeTarget section */
		AC0750EC1DCB1D61001DDA12 /* App */ = {
			isa = PBXNativeTarget;
			buildConfigurationList = AC0751151DCB1D61001DDA12 /* Build configuration list for PBXNativeTarget "App" */;
			buildPhases = (
				AC0750E91DCB1D61001DDA12 /* Sources */,
				AC0750EA1DCB1D61001DDA12 /* Frameworks */,
				AC0750EB1DCB1D61001DDA12 /* Resources */,
			);
			buildRules = (
			);
			dependencies = (
			);
			name = App;
			productName = App;
			productReference = AC0750ED1DCB1D61001DDA12 /* App.app */;
			productType = "com.apple.product-type.application";
		};
		AC0751001DCB1D61001DDA12 /* AppTests */ = {
			isa = PBXNativeTarget;
			buildConfigurationList = AC0751181DCB1D61001DDA12 /* Build configuration list for PBXNativeTarget "AppTests" */;
			buildPhases = (
				AC0750FD1DCB1D61001DDA12 /* Sources */,
				AC0750FE1DCB1D61001DDA12 /* Frameworks */,
				AC0750FF1DCB1D61001DDA12 /* Resources */,
			);
			buildRules = (
			);
			dependencies = (
				AC0751031DCB1D61001DDA12 /* PBXTargetDependency */,
			);
			name = AppTests;
			productName = AppTests;
			productReference = AC0751011DCB1D61001DDA12 /* AppTests.xctest */;
			productType = "com.apple.product-type.bundle.unit-test";
		};
		AC07510B1DCB1D61001DDA12 /* AppUITests */ = {
			isa = PBXNativeTarget;
			buildConfigurationList = AC07511B1DCB1D61001DDA12 /* Build configuration list for PBXNativeTarget "AppUITests" */;
			buildPhases = (
				AC0751081DCB1D61001DDA12 /* Sources */,
				AC0751091DCB1D61001DDA12 /* Frameworks */,
				AC07510A1DCB1D61001DDA12 /* Resources */,
			);
			buildRules = (
			);
			dependencies = (
				AC07510E1DCB1D61001DDA12 /* PBXTargetDependency */,
			);
			name = AppUITests;
			productName = AppUITests;
			productReference = AC07510C1DCB1D61001DDA12 /* AppUITests.xctest */;
			productType = "com.apple.product-type.bundle.ui-testing";
		};
/* End PBXNativeTarget section */

/* Begin PBXProject section */
		AC0750E51DCB1D61001DDA12 /* Project object */ = {
			isa = PBXProject;
			attributes = {
				LastUpgradeCheck = 0700;
				ORGANIZATIONNAME = "Użytkownik Gość";
				TargetAttributes = {
					AC0750EC1DCB1D61001DDA12 = {
						CreatedOnToolsVersion = 7.0.1;
					};
					AC0751001DCB1D61001DDA12 = {
						CreatedOnToolsVersion = 7.0.1;
						TestTargetID = AC0750EC1DCB1D61001DDA12;
					};
					AC07510B1DCB1D61001DDA12 = {
						CreatedOnToolsVersion = 7.0.1;
						TestTargetID = AC0750EC1DCB1D61001DDA12;
					};
				};
			};
			buildConfigurationList = AC0750E81DCB1D61001DDA12 /* Build configuration list for PBXProject "App" */;
			compatibilityVersion = "Xcode 3.2";
			developmentRegion = English;
			hasScannedForEncodings = 0;
			knownRegions = (
				en,
				Base,
			);
			mainGroup = AC0750E41DCB1D61001DDA12;
			productRefGroup = AC0750EE1DCB1D61001DDA12 /* Products */;
			projectDirPath = "";
			projectRoot = "";
			targets = (
				AC0750EC1DCB1D61001DDA12 /* App */,
				AC0751001DCB1D61001DDA12 /* AppTests */,
				AC07510B1DCB1D61001DDA12 /* AppUITests */,
			);
		};
/* End PBXProject section */

/* Begin PBXResourcesBuildPhase section */
		AC0750EB1DCB1D61001DDA12 /* Resources */ = {
			isa = PBXResourcesBuildPhase;
			buildActionMask = 2147483647;
			files = (
				AC0750FB1DCB1D61001DDA12 /* LaunchScreen.storyboard in Resources */,
				AC0750F81DCB1D61001DDA12 /* Assets.xcassets in Resources */,
				AC0751211DCB2BFF001DDA12 /* Albums.plist in Resources */,
				AC0750F61DCB1D61001DDA12 /* Main.storyboard in Resources */,
			);
			runOnlyForDeploymentPostprocessing = 0;
		};
		AC0750FF1DCB1D61001DDA12 /* Resources */ = {
			isa = PBXResourcesBuildPhase;
			buildActionMask = 2147483647;
			files = (
			);
			runOnlyForDeploymentPostprocessing = 0;
		};
		AC07510A1DCB1D61001DDA12 /* Resources */ = {
			isa = PBXResourcesBuildPhase;
			buildActionMask = 2147483647;
			files = (
			);
			runOnlyForDeploymentPostprocessing = 0;
		};
/* End PBXResourcesBuildPhase section */

/* Begin PBXSourcesBuildPhase section */
		AC0750E91DCB1D61001DDA12 /* Sources */ = {
			isa = PBXSourcesBuildPhase;
			buildActionMask = 2147483647;
			files = (
				AC0750F31DCB1D61001DDA12 /* ViewController.swift in Sources */,
				AC07511F1DCB2BBE001DDA12 /* Action.swift in Sources */,
				AC0750F11DCB1D61001DDA12 /* AppDelegate.swift in Sources */,
			);
			runOnlyForDeploymentPostprocessing = 0;
		};
		AC0750FD1DCB1D61001DDA12 /* Sources */ = {
			isa = PBXSourcesBuildPhase;
			buildActionMask = 2147483647;
			files = (
				AC0751061DCB1D61001DDA12 /* AppTests.swift in Sources */,
			);
			runOnlyForDeploymentPostprocessing = 0;
		};
		AC0751081DCB1D61001DDA12 /* Sources */ = {
			isa = PBXSourcesBuildPhase;
			buildActionMask = 2147483647;
			files = (
				AC0751111DCB1D61001DDA12 /* AppUITests.swift in Sources */,
			);
			runOnlyForDeploymentPostprocessing = 0;
		};
/* End PBXSourcesBuildPhase section */

/* Begin PBXTargetDependency section */
		AC0751031DCB1D61001DDA12 /* PBXTargetDependency */ = {
			isa = PBXTargetDependency;
			target = AC0750EC1DCB1D61001DDA12 /* App */;
			targetProxy = AC0751021DCB1D61001DDA12 /* PBXContainerItemProxy */;
		};
		AC07510E1DCB1D61001DDA12 /* PBXTargetDependency */ = {
			isa = PBXTargetDependency;
			target = AC0750EC1DCB1D61001DDA12 /* App */;
			targetProxy = AC07510D1DCB1D61001DDA12 /* PBXContainerItemProxy */;
		};
/* End PBXTargetDependency section */

/* Begin PBXVariantGroup section */
		AC0750F41DCB1D61001DDA12 /* Main.storyboard */ = {
			isa = PBXVariantGroup;
			children = (
				AC0750F51DCB1D61001DDA12 /* Base */,
			);
			name = Main.storyboard;
			sourceTree = "<group>";
		};
		AC0750F91DCB1D61001DDA12 /* LaunchScreen.storyboard */ = {
			isa = PBXVariantGroup;
			children = (
				AC0750FA1DCB1D61001DDA12 /* Base */,
			);
			name = LaunchScreen.storyboard;
			sourceTree = "<group>";
		};
/* End PBXVariantGroup section */

/* Begin XCBuildConfiguration section */
		AC0751131DCB1D61001DDA12 /* Debug */ = {
			isa = XCBuildConfiguration;
			buildSettings = {
				ALWAYS_SEARCH_USER_PATHS = NO;
				CLANG_CXX_LANGUAGE_STANDARD = "gnu++0x";
				CLANG_CXX_LIBRARY = "libc++";
				CLANG_ENABLE_MODULES = YES;
				CLANG_ENABLE_OBJC_ARC = YES;
				CLANG_WARN_BOOL_CONVERSION = YES;
				CLANG_WARN_CONSTANT_CONVERSION = YES;
				CLANG_WARN_DIRECT_OBJC_ISA_USAGE = YES_ERROR;
				CLANG_WARN_EMPTY_BODY = YES;
				CLANG_WARN_ENUM_CONVERSION = YES;
				CLANG_WARN_INT_CONVERSION = YES;
				CLANG_WARN_OBJC_ROOT_CLASS = YES_ERROR;
				CLANG_WARN_UNREACHABLE_CODE = YES;
				CLANG_WARN__DUPLICATE_METHOD_MATCH = YES;
				"CODE_SIGN_IDENTITY[sdk=iphoneos*]" = "iPhone Developer";
				COPY_PHASE_STRIP = NO;
				DEBUG_INFORMATION_FORMAT = dwarf;
				ENABLE_STRICT_OBJC_MSGSEND = YES;
				ENABLE_TESTABILITY = YES;
				GCC_C_LANGUAGE_STANDARD = gnu99;
				GCC_DYNAMIC_NO_PIC = NO;
				GCC_NO_COMMON_BLOCKS = YES;
				GCC_OPTIMIZATION_LEVEL = 0;
				GCC_PREPROCESSOR_DEFINITIONS = (
					"DEBUG=1",
					"$(inherited)",
				);
				GCC_WARN_64_TO_32_BIT_CONVERSION = YES;
				GCC_WARN_ABOUT_RETURN_TYPE = YES_ERROR;
				GCC_WARN_UNDECLARED_SELECTOR = YES;
				GCC_WARN_UNINITIALIZED_AUTOS = YES_AGGRESSIVE;
				GCC_WARN_UNUSED_FUNCTION = YES;
				GCC_WARN_UNUSED_VARIABLE = YES;
				IPHONEOS_DEPLOYMENT_TARGET = 9.0;
				MTL_ENABLE_DEBUG_INFO = YES;
				ONLY_ACTIVE_ARCH = YES;
				SDKROOT = iphoneos;
				SWIFT_OPTIMIZATION_LEVEL = "-Onone";
			};
			name = Debug;
		};
		AC0751141DCB1D61001DDA12 /* Release */ = {
			isa = XCBuildConfiguration;
			buildSettings = {
				ALWAYS_SEARCH_USER_PATHS = NO;
				CLANG_CXX_LANGUAGE_STANDARD = "gnu++0x";
				CLANG_CXX_LIBRARY = "libc++";
				CLANG_ENABLE_MODULES = YES;
				CLANG_ENABLE_OBJC_ARC = YES;
				CLANG_WARN_BOOL_CONVERSION = YES;
				CLANG_WARN_CONSTANT_CONVERSION = YES;
				CLANG_WARN_DIRECT_OBJC_ISA_USAGE = YES_ERROR;
				CLANG_WARN_EMPTY_BODY = YES;
				CLANG_WARN_ENUM_CONVERSION = YES;
				CLANG_WARN_INT_CONVERSION = YES;
				CLANG_WARN_OBJC_ROOT_CLASS = YES_ERROR;
				CLANG_WARN_UNREACHABLE_CODE = YES;
				CLANG_WARN__DUPLICATE_METHOD_MATCH = YES;
				"CODE_SIGN_IDENTITY[sdk=iphoneos*]" = "iPhone Developer";
				COPY_PHASE_STRIP = NO;
				DEBUG_INFORMATION_FORMAT = "dwarf-with-dsym";
				ENABLE_NS_ASSERTIONS = NO;
				ENABLE_STRICT_OBJC_MSGSEND = YES;
				GCC_C_LANGUAGE_STANDARD = gnu99;
				GCC_NO_COMMON_BLOCKS = YES;
				GCC_WARN_64_TO_32_BIT_CONVERSION = YES;
				GCC_WARN_ABOUT_RETURN_TYPE = YES_ERROR;
				GCC_WARN_UNDECLARED_SELECTOR = YES;
				GCC_WARN_UNINITIALIZED_AUTOS = YES_AGGRESSIVE;
				GCC_WARN_UNUSED_FUNCTION = YES;
				GCC_WARN_UNUSED_VARIABLE = YES;
				IPHONEOS_DEPLOYMENT_TARGET = 9.0;
				MTL_ENABLE_DEBUG_INFO = NO;
				SDKROOT = iphoneos;
				VALIDATE_PRODUCT = YES;
			};
			name = Release;
		};
		AC0751161DCB1D61001DDA12 /* Debug */ = {
			isa = XCBuildConfiguration;
			buildSettings = {
				ASSETCATALOG_COMPILER_APPICON_NAME = AppIcon;
				INFOPLIST_FILE = App/Info.plist;
				LD_RUNPATH_SEARCH_PATHS = "$(inherited) @executable_path/Frameworks";
				PRODUCT_BUNDLE_IDENTIFIER = AGH.App;
				PRODUCT_NAME = "$(TARGET_NAME)";
			};
			name = Debug;
		};
		AC0751171DCB1D61001DDA12 /* Release */ = {
			isa = XCBuildConfiguration;
			buildSettings = {
				ASSETCATALOG_COMPILER_APPICON_NAME = AppIcon;
				INFOPLIST_FILE = App/Info.plist;
				LD_RUNPATH_SEARCH_PATHS = "$(inherited) @executable_path/Frameworks";
				PRODUCT_BUNDLE_IDENTIFIER = AGH.App;
				PRODUCT_NAME = "$(TARGET_NAME)";
			};
			name = Release;
		};
		AC0751191DCB1D61001DDA12 /* Debug */ = {
			isa = XCBuildConfiguration;
			buildSettings = {
				BUNDLE_LOADER = "$(TEST_HOST)";
				INFOPLIST_FILE = AppTests/Info.plist;
				LD_RUNPATH_SEARCH_PATHS = "$(inherited) @executable_path/Frameworks @loader_path/Frameworks";
				PRODUCT_BUNDLE_IDENTIFIER = AGH.AppTests;
				PRODUCT_NAME = "$(TARGET_NAME)";
				TEST_HOST = "$(BUILT_PRODUCTS_DIR)/App.app/App";
			};
			name = Debug;
		};
		AC07511A1DCB1D61001DDA12 /* Release */ = {
			isa = XCBuildConfiguration;
			buildSettings = {
				BUNDLE_LOADER = "$(TEST_HOST)";
				INFOPLIST_FILE = AppTests/Info.plist;
				LD_RUNPATH_SEARCH_PATHS = "$(inherited) @executable_path/Frameworks @loader_path/Frameworks";
				PRODUCT_BUNDLE_IDENTIFIER = AGH.AppTests;
				PRODUCT_NAME = "$(TARGET_NAME)";
				TEST_HOST = "$(BUILT_PRODUCTS_DIR)/App.app/App";
			};
			name = Release;
		};
		AC07511C1DCB1D61001DDA12 /* Debug */ = {
			isa = XCBuildConfiguration;
			buildSettings = {
				INFOPLIST_FILE = AppUITests/Info.plist;
				LD_RUNPATH_SEARCH_PATHS = "$(inherited) @executable_path/Frameworks @loader_path/Frameworks";
				PRODUCT_BUNDLE_IDENTIFIER = AGH.AppUITests;
				PRODUCT_NAME = "$(TARGET_NAME)";
				TEST_TARGET_NAME = App;
				USES_XCTRUNNER = YES;
			};
			name = Debug;
		};
		AC07511D1DCB1D61001DDA12 /* Release */ = {
			isa = XCBuildConfiguration;
			buildSettings = {
				INFOPLIST_FILE = AppUITests/Info.plist;
				LD_RUNPATH_SEARCH_PATHS = "$(inherited) @executable_path/Frameworks @loader_path/Frameworks";
				PRODUCT_BUNDLE_IDENTIFIER = AGH.AppUITests;
				PRODUCT_NAME = "$(TARGET_NAME)";
				TEST_TARGET_NAME = App;
				USES_XCTRUNNER = YES;
			};
			name = Release;
		};
/* End XCBuildConfiguration section */

/* Begin XCConfigurationList section */
		AC0750E81DCB1D61001DDA12 /* Build configuration list for PBXProject "App" */ = {
			isa = XCConfigurationList;
			buildConfigurations = (
				AC0751131DCB1D61001DDA12 /* Debug */,
				AC0751141DCB1D61001DDA12 /* Release */,
			);
			defaultConfigurationIsVisible = 0;
			defaultConfigurationName = Release;
		};
		AC0751151DCB1D61001DDA12 /* Build configuration list for PBXNativeTarget "App" */ = {
			isa = XCConfigurationList;
			buildConfigurations = (
				AC0751161DCB1D61001DDA12 /* Debug */,
				AC0751171DCB1D61001DDA12 /* Release */,
			);
			defaultConfigurationIsVisible = 0;
			defaultConfigurationName = Release;
		};
		AC0751181DCB1D61001DDA12 /* Build configuration list for PBXNativeTarget "AppTests" */ = {
			isa = XCConfigurationList;
			buildConfigurations = (
				AC0751191DCB1D61001DDA12 /* Debug */,
				AC07511A1DCB1D61001DDA12 /* Release */,
			);
			defaultConfigurationIsVisible = 0;
			defaultConfigurationName = Release;
		};
		AC07511B1DCB1D61001DDA12 /* Build configuration list for PBXNativeTarget "AppUITests" */ = {
			isa = XCConfigurationList;
			buildConfigurations = (
				AC07511C1DCB1D61001DDA12 /* Debug */,
				AC07511D1DCB1D61001DDA12 /* Release */,
			);
			defaultConfigurationIsVisible = 0;
			defaultConfigurationName = Release;
		};
/* End XCConfigurationList section */
	};
	rootObject = AC0750E51DCB1D61001DDA12 /* Project object */;
}
